
Microsoft Visual Studio Solution File, Format Version 12.00
# Visual Studio Version 17
VisualStudioVersion = 17.14.36429.23 d17.14
MinimumVisualStudioVersion = 10.0.40219.1
Project("{FAE04EC0-301F-11D3-BF4B-00C04F79EFBC}") = "RecursionFactorial", "RecursionFactorial\RecursionFactorial.csproj", "{2663096D-8E8E-4811-AEBE-3BCB4D8BD937}"
EndProject
Global
	GlobalSection(SolutionConfigurationPlatforms) = preSolution
		Debug|Any CPU = Debug|Any CPU
		Release|Any CPU = Release|Any CPU
	EndGlobalSection
	GlobalSection(ProjectConfigurationPlatforms) = postSolution
		{2663096D-8E8E-4811-AEBE-3BCB4D8BD937}.Debug|Any CPU.ActiveCfg = Debug|Any CPU
		{2663096D-8E8E-4811-AEBE-3BCB4D8BD937}.Debug|Any CPU.Build.0 = Debug|Any CPU
		{2663096D-8E8E-4811-AEBE-3BCB4D8BD937}.Release|Any CPU.ActiveCfg = Release|Any CPU
		{2663096D-8E8E-4811-AEBE-3BCB4D8BD937}.Release|Any CPU.Build.0 = Release|Any CPU
	EndGlobalSection
	GlobalSection(SolutionProperties) = preSolution
		HideSolutionNode = FALSE
	EndGlobalSection
	GlobalSection(ExtensibilityGlobals) = postSolution
		SolutionGuid = {074820CB-5F8F-4F2D-9038-DA92B5E2E92C}
	EndGlobalSection
EndGlobal
