
Microsoft Visual Studio Solution File, Format Version 12.00
# Visual Studio Version 17
VisualStudioVersion = 17.11.35312.102
MinimumVisualStudioVersion = 10.0.40219.1
Project("{FAE04EC0-301F-11D3-BF4B-00C04F79EFBC}") = "VoltearNombrePalindromo", "VoltearNombrePalindromo.csproj", "{01EA7DC2-A575-4696-B657-185CBC552DA2}"
EndProject
Global
	GlobalSection(SolutionConfigurationPlatforms) = preSolution
		Debug|Any CPU = Debug|Any CPU
		Release|Any CPU = Release|Any CPU
	EndGlobalSection
	GlobalSection(ProjectConfigurationPlatforms) = postSolution
		{01EA7DC2-A575-4696-B657-185CBC552DA2}.Debug|Any CPU.ActiveCfg = Debug|Any CPU
		{01EA7DC2-A575-4696-B657-185CBC552DA2}.Debug|Any CPU.Build.0 = Debug|Any CPU
		{01EA7DC2-A575-4696-B657-185CBC552DA2}.Release|Any CPU.ActiveCfg = Release|Any CPU
		{01EA7DC2-A575-4696-B657-185CBC552DA2}.Release|Any CPU.Build.0 = Release|Any CPU
	EndGlobalSection
	GlobalSection(SolutionProperties) = preSolution
		HideSolutionNode = FALSE
	EndGlobalSection
	GlobalSection(ExtensibilityGlobals) = postSolution
		SolutionGuid = {37E0CF4E-B8C4-4D46-A1B8-5BFFFB7615B6}
	EndGlobalSection
EndGlobal
