
Microsoft Visual Studio Solution File, Format Version 12.00
# Visual Studio Version 17
VisualStudioVersion = 17.14.36429.23 d17.14
MinimumVisualStudioVersion = 10.0.40219.1
Project("{FAE04EC0-301F-11D3-BF4B-00C04F79EFBC}") = "MetodoInsercion", "MetodoInsercion\MetodoInsercion.csproj", "{94FA35EA-491C-4130-9878-8429151AB425}"
EndProject
Global
	GlobalSection(SolutionConfigurationPlatforms) = preSolution
		Debug|Any CPU = Debug|Any CPU
		Release|Any CPU = Release|Any CPU
	EndGlobalSection
	GlobalSection(ProjectConfigurationPlatforms) = postSolution
		{94FA35EA-491C-4130-9878-8429151AB425}.Debug|Any CPU.ActiveCfg = Debug|Any CPU
		{94FA35EA-491C-4130-9878-8429151AB425}.Debug|Any CPU.Build.0 = Debug|Any CPU
		{94FA35EA-491C-4130-9878-8429151AB425}.Release|Any CPU.ActiveCfg = Release|Any CPU
		{94FA35EA-491C-4130-9878-8429151AB425}.Release|Any CPU.Build.0 = Release|Any CPU
	EndGlobalSection
	GlobalSection(SolutionProperties) = preSolution
		HideSolutionNode = FALSE
	EndGlobalSection
	GlobalSection(ExtensibilityGlobals) = postSolution
		SolutionGuid = {E22FDF36-0F51-4136-BF1B-81BADDE6B9D1}
	EndGlobalSection
EndGlobal
